
Microsoft Visual Studio Solution File, Format Version 12.00
# Visual Studio Version 17
VisualStudioVersion = 17.13.35825.156 d17.13
MinimumVisualStudioVersion = 10.0.40219.1
Project("{FAE04EC0-301F-11D3-BF4B-00C04F79EFBC}") = "Projeto_Lanchonete", "Projeto_Lanchonete\Projeto_Lanchonete.csproj", "{F334FF39-6FEB-4126-ACE8-70A3B65881CD}"
EndProject
Global
	GlobalSection(SolutionConfigurationPlatforms) = preSolution
		Debug|Any CPU = Debug|Any CPU
		Release|Any CPU = Release|Any CPU
	EndGlobalSection
	GlobalSection(ProjectConfigurationPlatforms) = postSolution
		{F334FF39-6FEB-4126-ACE8-70A3B65881CD}.Debug|Any CPU.ActiveCfg = Debug|Any CPU
		{F334FF39-6FEB-4126-ACE8-70A3B65881CD}.Debug|Any CPU.Build.0 = Debug|Any CPU
		{F334FF39-6FEB-4126-ACE8-70A3B65881CD}.Release|Any CPU.ActiveCfg = Release|Any CPU
		{F334FF39-6FEB-4126-ACE8-70A3B65881CD}.Release|Any CPU.Build.0 = Release|Any CPU
	EndGlobalSection
	GlobalSection(SolutionProperties) = preSolution
		HideSolutionNode = FALSE
	EndGlobalSection
	GlobalSection(ExtensibilityGlobals) = postSolution
		SolutionGuid = {D2AA72E7-FD35-43F8-AE6E-F81614A75515}
	EndGlobalSection
EndGlobal
